github.com/beevik/etree v1.1.0 h1:T0xke/WvNtMoCqgzPhkX2r4rjY3GDZFi+FjpRZY2Jbs=
github.com/beevik/etree v1.1.0/go.mod h1:r8Aw8JqVegEf0w2fDnATrX9VpkMcyFeM0FhwO62wh+A=
github.com/google/uuid v1.2.0 h1:qJYtXnJRWmpe7m/3XlyhrsLrEURqHRM2kxzoxXqyUDs=
github.com/google/uuid v1.2.0/go.mod h1:TIyPZe4MgqvfeYDBFedMoGGpEw/LqOeaOT+nhxU+yHo=
github.com/miekg/pkcs11 v1.0.3 h1:iMwmD7I5225wv84WxIG/bmxz9AXjWvTWIbM/TYHvWtw=
github.com/miekg/pkcs11 v1.0.3/go.mod h1:XsNlhZGX73bx86s2hdc/FuaLm2CPZJemRLMA+WTFxgs=
github.com/noshto/dsig v0.0.3 h1:kfRPaCH68qr8XGj3LxC77ub/4H/eHASW7CBRegQzE3M=
github.com/noshto/dsig v0.0.3/go.mod h1:qAqQSvjuBt5JV6lcOiBCR52cvfE3KmBFnyoOCZIART4=
github.com/noshto/dsig v0.0.4 h1:3z2vcgkuWCnLN+8Xg4X7Fyd8LeFRVVCCAYCYlIJpkNI=
github.com/noshto/dsig v0.0.4/go.mod h1:QYhpBpHcQwctw6pDh+GMn2qVVm1F46k083SSzBGsuUc=
github.com/noshto/dsig v0.0.5 h1:v2Mkd6GJb4L6+i803ofgXIz5oIlJBkbOPabP/Uu8dK8=
github.com/noshto/dsig v0.0.5/go.mod h1:EItgvQSk8lAXk/b9tbZ2qOqny21Tb078wKaq0ViMJzc=
github.com/noshto/dsig v0.0.6 h1:muXEenZ4vZ+Hq0TFDiIS+IT3Z2pMtK0Yjq5HHeOgk1g=
github.com/noshto/dsig v0.0.6/go.mod h1:7FFWurBvLDgK/pvaUDmUydbMNLrbpvUSP75Rbhw7OHM=
github.com/noshto/gen v0.0.1 h1:b5Pwkx2DZdZJsKY77T84uo4LyPPFnhOVB4tqtmkHY4A=
github.com/noshto/gen v0.0.1/go.mod h1:bEvPcbWTjFk7TdR82/a7LWK66kbSr7/s7ODsAfnoc4c=
github.com/noshto/gen v0.0.2 h1:fHYOt6whuqCex9AlW1UnW6pLKSocSQ6TCHLVPq8amc8=
github.com/noshto/gen v0.0.2/go.mod h1:bEvPcbWTjFk7TdR82/a7LWK66kbSr7/s7ODsAfnoc4c=
github.com/noshto/gen v0.0.3 h1:lQdFm0/91I+FeuniOVAM6Cpr1LJx40roXKSmzlXMFQ4=
github.com/noshto/gen v0.0.3/go.mod h1:bEvPcbWTjFk7TdR82/a7LWK66kbSr7/s7ODsAfnoc4c=
github.com/noshto/gen v0.0.4 h1:fDDE9P5krOsGFn00qrWVO3XJpnkjjWFj5A0hGSr2Y8U=
github.com/noshto/gen v0.0.4/go.mod h1:bEvPcbWTjFk7TdR82/a7LWK66kbSr7/s7ODsAfnoc4c=
github.com/noshto/gen v0.0.5 h1:pH8YJu+gwxyRhgA0LL4zt3kolfRvE4hkp9MPKsLR8kA=
github.com/noshto/gen v0.0.5/go.mod h1:bEvPcbWTjFk7TdR82/a7LWK66kbSr7/s7ODsAfnoc4c=
github.com/noshto/gen v0.0.6 h1:VQLAc38q3LXs8ooGrjiw7W7B9P5JQOuIYl7gxyVIDK0=
github.com/noshto/gen v0.0.6/go.mod h1:bEvPcbWTjFk7TdR82/a7LWK66kbSr7/s7ODsAfnoc4c=
github.com/noshto/gen v0.0.7 h1:2wR3zVCyYtxXKQgZhMM0pW1eZVX0hrZmW0NS2lT188Q=
github.com/noshto/gen v0.0.7/go.mod h1:q4+Sp4A4lMN+pTxT8S4RTQLqOWcAkVpCkr4BmKzA+XY=
github.com/noshto/gen v0.0.8 h1:eeFGp5TQPSKyIsXNXQwKvTy3nXljJtsYkma2ZthgMxM=
github.com/noshto/gen v0.0.8/go.mod h1:69aVKcFNhY0nAHotyVKtW8ZB98Y5A8Io0U6eseEALxE=
github.com/noshto/gen v0.0.9 h1:UI/r19gzRTmX+8nroUcgMUIgcnFbtAVeh2m0zr9TAJ0=
github.com/noshto/gen v0.0.9/go.mod h1:69aVKcFNhY0nAHotyVKtW8ZB98Y5A8Io0U6eseEALxE=
github.com/noshto/gen v0.0.10 h1:8H8rNnJmkI2zQUtmWaDdGeWYpwWDws+VQTnx9pwAhaE=
github.com/noshto/gen v0.0.10/go.mod h1:69aVKcFNhY0nAHotyVKtW8ZB98Y5A8Io0U6eseEALxE=
github.com/noshto/gen v0.0.11 h1:Z3ryUbF9+QCnypi7c3DL7T1sz85uDWxqcuOUIx3Ka1E=
github.com/noshto/gen v0.0.11/go.mod h1:TYDAxtpirZZipQaE6TQw6xQ3CGhopqQ32QKe79H94XE=
github.com/noshto/gen v0.0.12 h1:5XBL+ia+r/4mWZ+/9qKBykrNuo1XYsuED0C+vBhmQQw=
github.com/noshto/gen v0.0.12/go.mod h1:TYDAxtpirZZipQaE6TQw6xQ3CGhopqQ32QKe79H94XE=
github.com/noshto/gen v0.0.13 h1:TivmvWgBD+ZTcw2x9dyTpCMN0o8PygQtDyinVFk9RSc=
github.com/noshto/gen v0.0.13/go.mod h1:TYDAxtpirZZipQaE6TQw6xQ3CGhopqQ32QKe79H94XE=
github.com/noshto/gen v0.0.14 h1:ZGnTBaWC7G4zu/YF1SyFB2MndKTuxeEw9iqK5AWFsbk=
github.com/noshto/gen v0.0.14/go.mod h1:TYDAxtpirZZipQaE6TQw6xQ3CGhopqQ32QKe79H94XE=
github.com/noshto/gen v0.0.15 h1:pJoqbgyn6qiDWs8jPLxvwuf2n6uLr02BYdJ3+PvY2LQ=
github.com/noshto/gen v0.0.15/go.mod h1:TYDAxtpirZZipQaE6TQw6xQ3CGhopqQ32QKe79H94XE=
github.com/noshto/gen v0.0.16 h1:P9naN5mCIPckfyCiwmD7gsochxftFYe8K0q3NlCUSwA=
github.com/noshto/gen v0.0.16/go.mod h1:TYDAxtpirZZipQaE6TQw6xQ3CGhopqQ32QKe79H94XE=
github.com/noshto/gen v0.0.17 h1:WnuaV2FQaR7gtCKlCRGdQkp6kYsGsjPX5a+J9sC0plI=
github.com/noshto/gen v0.0.17/go.mod h1:TYDAxtpirZZipQaE6TQw6xQ3CGhopqQ32QKe79H94XE=
github.com/noshto/iic v0.0.1 h1:NHWCQ91O5lQlGYY4Znxt1sa/93r4TOBHt+yTtNtr2QM=
github.com/noshto/iic v0.0.1/go.mod h1:5hJsjPMYrgcotqeqg0rw0miJz08C7nXp3LuH2NaR6Cs=
github.com/noshto/iic v0.0.2 h1:svYZu9eBN/dzbum+OKlboDgw+lT6GwJziZIcDhpDXCg=
github.com/noshto/iic v0.0.2/go.mod h1:APyuz0YQHrAwla0AgDWAceOr6beocCiy5hr1/K35uEU=
github.com/noshto/iic v0.0.3 h1:yWSktT5p1B+eYHRPW7SK/pRXOtBKWKqMIRnS3F6XBLo=
github.com/noshto/iic v0.0.3/go.mod h1:QDLWqtFoA9VcDTZfSjeuTd5Aim92+8hhb5tdcXu2SAc=
github.com/noshto/iic v0.0.4 h1:ph5vv1F2bl0qvy+SUJzWdSDo1pWAuLOo+RG5BuVsF0U=
github.com/noshto/iic v0.0.4/go.mod h1:H3/3huU7JgtLhwzIiICPOjpvb5NqEQ1LH88elsxmKXs=
github.com/noshto/iic v0.0.5 h1:WxsgRI8WOUyv3s4rVIOSceZo53H3DWITLRc2bK8mTmA=
github.com/noshto/iic v0.0.5/go.mod h1:H3/3huU7JgtLhwzIiICPOjpvb5NqEQ1LH88elsxmKXs=
github.com/noshto/iic v0.0.6 h1:6e5YFxLtl2UOYI973RRoMdMPDN9cQL3qmc5CurO4/uw=
github.com/noshto/iic v0.0.6/go.mod h1:H3/3huU7JgtLhwzIiICPOjpvb5NqEQ1LH88elsxmKXs=
github.com/noshto/iic v0.0.7 h1:yt4qoAU4TvR5kO2Ht1odWcXmvAlDF9/apBAGU03TI8w=
github.com/noshto/iic v0.0.7/go.mod h1:H3/3huU7JgtLhwzIiICPOjpvb5NqEQ1LH88elsxmKXs=
github.com/noshto/iic v0.0.8 h1:0oQiibp/hnMsJ9AdA6J2nHfgPWFIRoBm+bUwiiRFiWE=
github.com/noshto/iic v0.0.8/go.mod h1:H3/3huU7JgtLhwzIiICPOjpvb5NqEQ1LH88elsxmKXs=
github.com/noshto/iic v0.0.9 h1:c5YbV1ggFdHhfnQLMrzfJZLNTrM/OwjK0cdtwZV9ma4=
github.com/noshto/iic v0.0.9/go.mod h1:H3/3huU7JgtLhwzIiICPOjpvb5NqEQ1LH88elsxmKXs=
github.com/noshto/reg v0.0.1 h1:wnL2EMDgLmkfOeUhC93N7PhFZdBJWpN4d4kg/ccQi8s=
github.com/noshto/reg v0.0.1/go.mod h1:w6m8sIhUWcYQoZ0wxnNFkt27UM7hLsqNhLniLR+aYWs=
github.com/noshto/sep v0.0.1/go.mod h1:o34LxYoCqnrpwjfLkVL+PsET6M6THS2bntmXxtu32a8=
github.com/noshto/sep v0.0.4 h1:GmqKGbOxoCNlhj3OrSYU4BUpxFF+KbjaCMJTJGMn/t0=
github.com/noshto/sep v0.0.4/go.mod h1:o34LxYoCqnrpwjfLkVL+PsET6M6THS2bntmXxtu32a8=
github.com/noshto/sep v0.0.5 h1:U+zPknPZ01jPlyTyvhJOSCkOK6ldeEP9pmFmt3p/UEU=
github.com/noshto/sep v0.0.5/go.mod h1:o34LxYoCqnrpwjfLkVL+PsET6M6THS2bntmXxtu32a8=
github.com/noshto/sep v0.0.6 h1:S24Ks3J+CljmakM9X5K+P6C+VvuKm5FBHfZlf7U+DYw=
github.com/noshto/sep v0.0.6/go.mod h1:o34LxYoCqnrpwjfLkVL+PsET6M6THS2bntmXxtu32a8=
github.com/noshto/sep v0.0.7 h1:1vW204mY73gKG2lRJ36gO33dLBhOvBrESzk8ojY2Oxc=
github.com/noshto/sep v0.0.7/go.mod h1:o34LxYoCqnrpwjfLkVL+PsET6M6THS2bntmXxtu32a8=
github.com/noshto/sep v0.0.9 h1:oB3LT7jHUAV73/BMxGE6lXZMQpVUOiA9g8HAUyWTxBU=
github.com/noshto/sep v0.0.9/go.mod h1:o34LxYoCqnrpwjfLkVL+PsET6M6THS2bntmXxtu32a8=
github.com/pkcs12/efi v0.0.5/go.mod h1:s1MzDmdxa4nfadZqooai9duNlxb+jX9ciomttv+Vs44=
