github.com/beevik/etree v1.1.0 h1:T0xke/WvNtMoCqgzPhkX2r4rjY3GDZFi+FjpRZY2Jbs=
github.com/beevik/etree v1.1.0/go.mod h1:r8Aw8JqVegEf0w2fDnATrX9VpkMcyFeM0FhwO62wh+A=
github.com/boombuler/barcode v1.0.0 h1:s1TvRnXwL2xJRaccrdcBQMZxq6X7DvsMogtmJeHDdrc=
github.com/boombuler/barcode v1.0.0/go.mod h1:paBWMcWSl3LHKBqUq+rly7CNSldXjb2rDl3JlRe0mD8=
github.com/davecgh/go-spew v1.1.0/go.mod h1:J7Y8YcW2NihsgmVo/mv3lAwl/skON4iLHjSsI+c5H38=
github.com/davecgh/go-spew v1.1.1 h1:vj9j/u1bqnvCEfJOwUhtlOARqs3+rkHYY13jYWTU97c=
github.com/davecgh/go-spew v1.1.1/go.mod h1:J7Y8YcW2NihsgmVo/mv3lAwl/skON4iLHjSsI+c5H38=
github.com/gojp/goreportcard v0.0.0-20191001233754-41818f5fd295/go.mod h1:/DA2Xpp+OaR3EHafQSnT9SKOfbG2NPQR/qp6Qr8AgIw=
github.com/google/uuid v1.1.1/go.mod h1:TIyPZe4MgqvfeYDBFedMoGGpEw/LqOeaOT+nhxU+yHo=
github.com/google/uuid v1.2.0 h1:qJYtXnJRWmpe7m/3XlyhrsLrEURqHRM2kxzoxXqyUDs=
github.com/google/uuid v1.2.0/go.mod h1:TIyPZe4MgqvfeYDBFedMoGGpEw/LqOeaOT+nhxU+yHo=
github.com/johnfercher/maroto v0.30.0 h1:OVsa9SQ/MMJZQmiGt8x7b0sz/kGMK+umKO7TmffzJOs=
github.com/johnfercher/maroto v0.30.0/go.mod h1:z/5eo/hH1g+01K4Mm0IVVbixHibtaNbZ9vHf+2H6fpM=
github.com/jung-kurt/gofpdf v1.0.0/go.mod h1:7Id9E/uU8ce6rXgefFLlgrJj/GYY22cpxn+r32jIOes=
github.com/jung-kurt/gofpdf v1.4.2 h1:3u2ojTwxPPu3ysIOc5iTwcECpvkFCAe2RJ/tQrvfLi0=
github.com/jung-kurt/gofpdf v1.4.2/go.mod h1:rZsO0wEsunjT/L9stF3fJjYbAHgqNYuQB4B8FWvBck0=
github.com/miekg/pkcs11 v1.0.3 h1:iMwmD7I5225wv84WxIG/bmxz9AXjWvTWIbM/TYHvWtw=
github.com/miekg/pkcs11 v1.0.3/go.mod h1:XsNlhZGX73bx86s2hdc/FuaLm2CPZJemRLMA+WTFxgs=
github.com/noshto/dsig v0.0.8 h1:K1450+B/n0t6zvSbly9xR0AT+J9yw8sTBK33BL9upJI=
github.com/noshto/dsig v0.0.8/go.mod h1:xKOGzO0cU8domuP5iAtmPCKCBxnMWnA9oQogXz+xues=
github.com/noshto/gen v0.0.25 h1:V7ESR0YAIPvCu+jTPcNiixBzCRX2kbkArr8EsSalZdE=
github.com/noshto/gen v0.0.25/go.mod h1:J45x3YsmfQ+xPXt3q8/5BVlVzxVHGI08rTUuh0k5+jM=
github.com/noshto/gen v0.0.26 h1:tRNeDLAPyIa8uB2QclrUevArpEiwPSO2DPFkCqabTbk=
github.com/noshto/gen v0.0.26/go.mod h1:J45x3YsmfQ+xPXt3q8/5BVlVzxVHGI08rTUuh0k5+jM=
github.com/noshto/gen v0.0.27 h1:PvJ40sC9kiHUT99c+vzDztmHdgxSxOkpJvGMukQFuCQ=
github.com/noshto/gen v0.0.27/go.mod h1:J45x3YsmfQ+xPXt3q8/5BVlVzxVHGI08rTUuh0k5+jM=
github.com/noshto/gen v0.0.28 h1:RCZymHOSumwGB2Ob0Nn1pGJXrywFs2+tyLkwDD00Hxk=
github.com/noshto/gen v0.0.28/go.mod h1:J45x3YsmfQ+xPXt3q8/5BVlVzxVHGI08rTUuh0k5+jM=
github.com/noshto/gen v0.0.29 h1:zE5qTwFwLtG5v7/rsbt6tZ8nSOol1havtFLYdiq25Ts=
github.com/noshto/gen v0.0.29/go.mod h1:J45x3YsmfQ+xPXt3q8/5BVlVzxVHGI08rTUuh0k5+jM=
github.com/noshto/gen v0.0.30 h1:SoReEW6o5giDFkcylvhuiXIs+Q0G8yQHGxwtw5UWVRg=
github.com/noshto/gen v0.0.30/go.mod h1:J45x3YsmfQ+xPXt3q8/5BVlVzxVHGI08rTUuh0k5+jM=
github.com/noshto/gen v0.0.31 h1:FIbCK+6U7eecKe33dvttpbYMwE5p+ygC8dqrym7oMmc=
github.com/noshto/gen v0.0.31/go.mod h1:J45x3YsmfQ+xPXt3q8/5BVlVzxVHGI08rTUuh0k5+jM=
github.com/noshto/gen v0.0.32 h1:qHEveitJUgeXEwcAh6iUKYI1ZS4lDGG6INsURreGV4c=
github.com/noshto/gen v0.0.32/go.mod h1:J45x3YsmfQ+xPXt3q8/5BVlVzxVHGI08rTUuh0k5+jM=
github.com/noshto/iic v0.0.12 h1:0Sl8llFn9Iv3fbRARnw8YNH2Tt+H9FfWJed/1uGhx0U=
github.com/noshto/iic v0.0.12/go.mod h1:WgN/jphjS7g5iLDaI6H3/Db60JF2o95iYHdtSwDpTgA=
github.com/noshto/pdf v0.0.3 h1:58jSZVKODlegg5uIo28RE55SVBHOzSamg1W0xNlIYRA=
github.com/noshto/pdf v0.0.3/go.mod h1:/ULC7gcP9kH8uQIJnRaz94/sIqWRuwAMu+nOqojwrdc=
github.com/noshto/pdf v0.0.4 h1:ddBLXwQUtY4Oj7QeOpd+v4/ZnEFClcq3LOvc1rSEbcM=
github.com/noshto/pdf v0.0.4/go.mod h1:/ULC7gcP9kH8uQIJnRaz94/sIqWRuwAMu+nOqojwrdc=
github.com/noshto/pdf v0.0.5 h1:pHv3ZN5subSkpoVEzMbWkSZXIQM0SmPa3geWbWZ/pb4=
github.com/noshto/pdf v0.0.5/go.mod h1:/ULC7gcP9kH8uQIJnRaz94/sIqWRuwAMu+nOqojwrdc=
github.com/noshto/pdf v0.0.6 h1:oG5iIh9otc9Tm5/Eu5inj5Ea7D9vRMwR96R1Fm0gIwA=
github.com/noshto/pdf v0.0.6/go.mod h1:/ULC7gcP9kH8uQIJnRaz94/sIqWRuwAMu+nOqojwrdc=
github.com/noshto/pdf v0.0.7 h1:eDOIrquT6tgeKRBSoHGcspQyqIXCoEIyoXFRkx262LU=
github.com/noshto/pdf v0.0.7/go.mod h1:/ULC7gcP9kH8uQIJnRaz94/sIqWRuwAMu+nOqojwrdc=
github.com/noshto/pdf v0.0.8 h1:fOB7Liaf+EsEjCc0uNz4plqz7jim8a0tta1uZVZlDkk=
github.com/noshto/pdf v0.0.8/go.mod h1:/ULC7gcP9kH8uQIJnRaz94/sIqWRuwAMu+nOqojwrdc=
github.com/noshto/reg v0.0.2 h1:DhkoEGPTisITMwtLU8fWtHfLo9202LD0a1113DetfDc=
github.com/noshto/reg v0.0.2/go.mod h1:UaKYSy9ZCvZH4J7rojHcE+ixhp4DG6ueD7oGgplpfsw=
github.com/noshto/sep v0.0.17 h1:4Ww/lirYSAbv3yh1g4QTGnH/MiExQv6PvhuibDbTCAM=
github.com/noshto/sep v0.0.17/go.mod h1:o34LxYoCqnrpwjfLkVL+PsET6M6THS2bntmXxtu32a8=
github.com/pkg/errors v0.8.1 h1:iURUrRGxPUNPdy5/HRSm+Yj6okJ6UtLINN0Q9M4+h3I=
github.com/pkg/errors v0.8.1/go.mod h1:bwawxfHBFNV+L2hUp1rHADufV3IMtnDRdf1r5NINEl0=
github.com/pmezard/go-difflib v1.0.0 h1:4DBwDE0NGyQoBHbLQYPwSUPoCMWR5BEzIk/f1lZbAQM=
github.com/pmezard/go-difflib v1.0.0/go.mod h1:iKH77koFhYxTK1pcRnkKkqfTogsbg7gZNVY4sRDYZ/4=
github.com/ruudk/golang-pdf417 v0.0.0-20181029194003-1af4ab5afa58 h1:nlG4Wa5+minh3S9LVFtNoY+GVRiudA2e3EVfcCi3RCA=
github.com/ruudk/golang-pdf417 v0.0.0-20181029194003-1af4ab5afa58/go.mod h1:6lfFZQK844Gfx8o5WFuvpxWRwnSoipWe/p622j1v06w=
github.com/skip2/go-qrcode v0.0.0-20200617195104-da1b6568686e h1:MRM5ITcdelLK2j1vwZ3Je0FKVCfqOLp5zO6trqMLYs0=
github.com/skip2/go-qrcode v0.0.0-20200617195104-da1b6568686e/go.mod h1:XV66xRDqSt+GTGFMVlhk3ULuV0y9ZmzeVGR4mloJI3M=
github.com/stretchr/objx v0.1.0/go.mod h1:HFkY916IF+rwdDfMAkV7OtwuqBVzrE8GR6GFx+wExME=
github.com/stretchr/objx v0.2.0 h1:Hbg2NidpLE8veEBkEZTL3CvlkUIVzuU9jDplZO54c48=
github.com/stretchr/objx v0.2.0/go.mod h1:qt09Ya8vawLte6SNmTgCsAVtYtaKzEcn8ATUoHMkEqE=
github.com/stretchr/testify v1.2.2/go.mod h1:a8OnRcib4nhh0OaRAV+Yts87kKdq0PP7pXfy6kDkUVs=
github.com/stretchr/testify v1.3.0 h1:TivCn/peBQ7UY8ooIcPgZFpTNSz0Q2U6UrFlUfqbe0Q=
github.com/stretchr/testify v1.3.0/go.mod h1:M5WIy9Dh21IEIfnGCwXGc5bZfKNJtfHm1UVUgZn+9EI=
golang.org/x/image v0.0.0-20190507092727-e4e5bf290fec/go.mod h1:kZ7UVZpmo3dzQBMxlp+ypCbDeSB+sBbTgSJuh5dn5js=
golang.org/x/text v0.3.0/go.mod h1:NqM8EUOU14njkJ3fqMW+pc6Ldnwhi/IjpwHt7yyuwOQ=
